// !$*UTF8*$!
{
	archiveVersion = 1;
	classes = {
	};
	objectVersion = 50;
	objects = {

/* Begin PBXBuildFile section */
		18D08B8526AEA2930090803D /* AppDelegate.swift in Sources */ = {isa = PBXBuildFile; fileRef = 18D08B8426AEA2930090803D /* AppDelegate.swift */; };
		18D08B8726AEA2930090803D /* SceneDelegate.swift in Sources */ = {isa = PBXBuildFile; fileRef = 18D08B8626AEA2930090803D /* SceneDelegate.swift */; };
		18D08B8926AEA2930090803D /* ViewController.swift in Sources */ = {isa = PBXBuildFile; fileRef = 18D08B8826AEA2930090803D /* ViewController.swift */; };
		18D08B8C26AEA2930090803D /* Main.storyboard in Resources */ = {isa = PBXBuildFile; fileRef = 18D08B8A26AEA2930090803D /* Main.storyboard */; };
		18D08B8E26AEA2950090803D /* Assets.xcassets in Resources */ = {isa = PBXBuildFile; fileRef = 18D08B8D26AEA2950090803D /* Assets.xcassets */; };
		18D08B9126AEA2950090803D /* LaunchScreen.storyboard in Resources */ = {isa = PBXBuildFile; fileRef = 18D08B8F26AEA2950090803D /* LaunchScreen.storyboard */; };
		18D08B9C26AEA2960090803D /* ViewTests.swift in Sources */ = {isa = PBXBuildFile; fileRef = 18D08B9B26AEA2960090803D /* ViewTests.swift */; };
		18D08BA726AEA2960090803D /* ViewUITests.swift in Sources */ = {isa = PBXBuildFile; fileRef = 18D08BA626AEA2960090803D /* ViewUITests.swift */; };
/* End PBXBuildFile section */

/* Begin PBXContainerItemProxy section */
		18D08B9826AEA2950090803D /* PBXContainerItemProxy */ = {
			isa = PBXContainerItemProxy;
			containerPortal = 18D08B7926AEA2930090803D /* Project object */;
			proxyType = 1;
			remoteGlobalIDString = 18D08B8026AEA2930090803D;
			remoteInfo = View;
		};
		18D08BA326AEA2960090803D /* PBXContainerItemProxy */ = {
			isa = PBXContainerItemProxy;
			containerPortal = 18D08B7926AEA2930090803D /* Project object */;
			proxyType = 1;
			remoteGlobalIDString = 18D08B8026AEA2930090803D;
			remoteInfo = View;
		};
/* End PBXContainerItemProxy section */

/* Begin PBXFileReference section */
		18D08B8126AEA2930090803D /* View.app */ = {isa = PBXFileReference; explicitFileType = wrapper.application; includeInIndex = 0; path = View.app; sourceTree = BUILT_PRODUCTS_DIR; };
		18D08B8426AEA2930090803D /* AppDelegate.swift */ = {isa = PBXFileReference; lastKnownFileType = sourcecode.swift; path = AppDelegate.swift; sourceTree = "<group>"; };
		18D08B8626AEA2930090803D /* SceneDelegate.swift */ = {isa = PBXFileReference; lastKnownFileType = sourcecode.swift; path = SceneDelegate.swift; sourceTree = "<group>"; };
		18D08B8826AEA2930090803D /* ViewController.swift */ = {isa = PBXFileReference; lastKnownFileType = sourcecode.swift; path = ViewController.swift; sourceTree = "<group>"; };
		18D08B8B26AEA2930090803D /* Base */ = {isa = PBXFileReference; lastKnownFileType = file.storyboard; name = Base; path = Base.lproj/Main.storyboard; sourceTree = "<group>"; };
		18D08B8D26AEA2950090803D /* Assets.xcassets */ = {isa = PBXFileReference; lastKnownFileType = folder.assetcatalog; path = Assets.xcassets; sourceTree = "<group>"; };
		18D08B9026AEA2950090803D /* Base */ = {isa = PBXFileReference; lastKnownFileType = file.storyboard; name = Base; path = Base.lproj/LaunchScreen.storyboard; sourceTree = "<group>"; };
		18D08B9226AEA2950090803D /* Info.plist */ = {isa = PBXFileReference; lastKnownFileType = text.plist.xml; path = Info.plist; sourceTree = "<group>"; };
		18D08B9726AEA2950090803D /* ViewTests.xctest */ = {isa = PBXFileReference; explicitFileType = wrapper.cfbundle; includeInIndex = 0; path = ViewTests.xctest; sourceTree = BUILT_PRODUCTS_DIR; };
		18D08B9B26AEA2960090803D /* ViewTests.swift */ = {isa = PBXFileReference; lastKnownFileType = sourcecode.swift; path = ViewTests.swift; sourceTree = "<group>"; };
		18D08B9D26AEA2960090803D /* Info.plist */ = {isa = PBXFileReference; lastKnownFileType = text.plist.xml; path = Info.plist; sourceTree = "<group>"; };
		18D08BA226AEA2960090803D /* ViewUITests.xctest */ = {isa = PBXFileReference; explicitFileType = wrapper.cfbundle; includeInIndex = 0; path = ViewUITests.xctest; sourceTree = BUILT_PRODUCTS_DIR; };
		18D08BA626AEA2960090803D /* ViewUITests.swift */ = {isa = PBXFileReference; lastKnownFileType = sourcecode.swift; path = ViewUITests.swift; sourceTree = "<group>"; };
		18D08BA826AEA2960090803D /* Info.plist */ = {isa = PBXFileReference; lastKnownFileType = text.plist.xml; path = Info.plist; sourceTree = "<group>"; };
/* End PBXFileReference section */

/* Begin PBXFrameworksBuildPhase section */
		18D08B7E26AEA2930090803D /* Frameworks */ = {
			isa = PBXFrameworksBuildPhase;
			buildActionMask = 2147483647;
			files = (
			);
			runOnlyForDeploymentPostprocessing = 0;
		};
		18D08B9426AEA2950090803D /* Frameworks */ = {
			isa = PBXFrameworksBuildPhase;
			buildActionMask = 2147483647;
			files = (
			);
			runOnlyForDeploymentPostprocessing = 0;
		};
		18D08B9F26AEA2960090803D /* Frameworks */ = {
			isa = PBXFrameworksBuildPhase;
			buildActionMask = 2147483647;
			files = (
			);
			runOnlyForDeploymentPostprocessing = 0;
		};
/* End PBXFrameworksBuildPhase section */

/* Begin PBXGroup section */
		18D08B7826AEA2930090803D = {
			isa = PBXGroup;
			children = (
				18D08B8326AEA2930090803D /* View */,
				18D08B9A26AEA2960090803D /* ViewTests */,
				18D08BA526AEA2960090803D /* ViewUITests */,
				18D08B8226AEA2930090803D /* Products */,
			);
			sourceTree = "<group>";
		};
		18D08B8226AEA2930090803D /* Products */ = {
			isa = PBXGroup;
			children = (
				18D08B8126AEA2930090803D /* View.app */,
				18D08B9726AEA2950090803D /* ViewTests.xctest */,
				18D08BA226AEA2960090803D /* ViewUITests.xctest */,
			);
			name = Products;
			sourceTree = "<group>";
		};
		18D08B8326AEA2930090803D /* View */ = {
			isa = PBXGroup;
			children = (
				18D08B8426AEA2930090803D /* AppDelegate.swift */,
				18D08B8626AEA2930090803D /* SceneDelegate.swift */,
				18D08B8826AEA2930090803D /* ViewController.swift */,
				18D08B8A26AEA2930090803D /* Main.storyboard */,
				18D08B8D26AEA2950090803D /* Assets.xcassets */,
				18D08B8F26AEA2950090803D /* LaunchScreen.storyboard */,
				18D08B9226AEA2950090803D /* Info.plist */,
			);
			path = View;
			sourceTree = "<group>";
		};
		18D08B9A26AEA2960090803D /* ViewTests */ = {
			isa = PBXGroup;
			children = (
				18D08B9B26AEA2960090803D /* ViewTests.swift */,
				18D08B9D26AEA2960090803D /* Info.plist */,
			);
			path = ViewTests;
			sourceTree = "<group>";
		};
		18D08BA526AEA2960090803D /* ViewUITests */ = {
			isa = PBXGroup;
			children = (
				18D08BA626AEA2960090803D /* ViewUITests.swift */,
				18D08BA826AEA2960090803D /* Info.plist */,
			);
			path = ViewUITests;
			sourceTree = "<group>";
		};
/* End PBXGroup section */

/* Begin PBXNativeTarget section */
		18D08B8026AEA2930090803D /* View */ = {
			isa = PBXNativeTarget;
			buildConfigurationList = 18D08BAB26AEA2960090803D /* Build configuration list for PBXNativeTarget "View" */;
			buildPhases = (
				18D08B7D26AEA2930090803D /* Sources */,
				18D08B7E26AEA2930090803D /* Frameworks */,
				18D08B7F26AEA2930090803D /* Resources */,
			);
			buildRules = (
			);
			dependencies = (
			);
			name = View;
			productName = View;
			productReference = 18D08B8126AEA2930090803D /* View.app */;
			productType = "com.apple.product-type.application";
		};
		18D08B9626AEA2950090803D /* ViewTests */ = {
			isa = PBXNativeTarget;
			buildConfigurationList = 18D08BAE26AEA2960090803D /* Build configuration list for PBXNativeTarget "ViewTests" */;
			buildPhases = (
				18D08B9326AEA2950090803D /* Sources */,
				18D08B9426AEA2950090803D /* Frameworks */,
				18D08B9526AEA2950090803D /* Resources */,
			);
			buildRules = (
			);
			dependencies = (
				18D08B9926AEA2950090803D /* PBXTargetDependency */,
			);
			name = ViewTests;
			productName = ViewTests;
			productReference = 18D08B9726AEA2950090803D /* ViewTests.xctest */;
			productType = "com.apple.product-type.bundle.unit-test";
		};
		18D08BA126AEA2960090803D /* ViewUITests */ = {
			isa = PBXNativeTarget;
			buildConfigurationList = 18D08BB126AEA2960090803D /* Build configuration list for PBXNativeTarget "ViewUITests" */;
			buildPhases = (
				18D08B9E26AEA2960090803D /* Sources */,
				18D08B9F26AEA2960090803D /* Frameworks */,
				18D08BA026AEA2960090803D /* Resources */,
			);
			buildRules = (
			);
			dependencies = (
				18D08BA426AEA2960090803D /* PBXTargetDependency */,
			);
			name = ViewUITests;
			productName = ViewUITests;
			productReference = 18D08BA226AEA2960090803D /* ViewUITests.xctest */;
			productType = "com.apple.product-type.bundle.ui-testing";
		};
/* End PBXNativeTarget section */

/* Begin PBXProject section */
		18D08B7926AEA2930090803D /* Project object */ = {
			isa = PBXProject;
			attributes = {
				LastSwiftUpdateCheck = 1250;
				LastUpgradeCheck = 1250;
				TargetAttributes = {
					18D08B8026AEA2930090803D = {
						CreatedOnToolsVersion = 12.5.1;
					};
					18D08B9626AEA2950090803D = {
						CreatedOnToolsVersion = 12.5.1;
						TestTargetID = 18D08B8026AEA2930090803D;
					};
					18D08BA126AEA2960090803D = {
						CreatedOnToolsVersion = 12.5.1;
						TestTargetID = 18D08B8026AEA2930090803D;
					};
				};
			};
			buildConfigurationList = 18D08B7C26AEA2930090803D /* Build configuration list for PBXProject "View" */;
			compatibilityVersion = "Xcode 9.3";
			developmentRegion = en;
			hasScannedForEncodings = 0;
			knownRegions = (
				en,
				Base,
			);
			mainGroup = 18D08B7826AEA2930090803D;
			productRefGroup = 18D08B8226AEA2930090803D /* Products */;
			projectDirPath = "";
			projectRoot = "";
			targets = (
				18D08B8026AEA2930090803D /* View */,
				18D08B9626AEA2950090803D /* ViewTests */,
				18D08BA126AEA2960090803D /* ViewUITests */,
			);
		};
/* End PBXProject section */

/* Begin PBXResourcesBuildPhase section */
		18D08B7F26AEA2930090803D /* Resources */ = {
			isa = PBXResourcesBuildPhase;
			buildActionMask = 2147483647;
			files = (
				18D08B9126AEA2950090803D /* LaunchScreen.storyboard in Resources */,
				18D08B8E26AEA2950090803D /* Assets.xcassets in Resources */,
				18D08B8C26AEA2930090803D /* Main.storyboard in Resources */,
			);
			runOnlyForDeploymentPostprocessing = 0;
		};
		18D08B9526AEA2950090803D /* Resources */ = {
			isa = PBXResourcesBuildPhase;
			buildActionMask = 2147483647;
			files = (
			);
			runOnlyForDeploymentPostprocessing = 0;
		};
		18D08BA026AEA2960090803D /* Resources */ = {
			isa = PBXResourcesBuildPhase;
			buildActionMask = 2147483647;
			files = (
			);
			runOnlyForDeploymentPostprocessing = 0;
		};
/* End PBXResourcesBuildPhase section */

/* Begin PBXSourcesBuildPhase section */
		18D08B7D26AEA2930090803D /* Sources */ = {
			isa = PBXSourcesBuildPhase;
			buildActionMask = 2147483647;
			files = (
				18D08B8926AEA2930090803D /* ViewController.swift in Sources */,
				18D08B8526AEA2930090803D /* AppDelegate.swift in Sources */,
				18D08B8726AEA2930090803D /* SceneDelegate.swift in Sources */,
			);
			runOnlyForDeploymentPostprocessing = 0;
		};
		18D08B9326AEA2950090803D /* Sources */ = {
			isa = PBXSourcesBuildPhase;
			buildActionMask = 2147483647;
			files = (
				18D08B9C26AEA2960090803D /* ViewTests.swift in Sources */,
			);
			runOnlyForDeploymentPostprocessing = 0;
		};
		18D08B9E26AEA2960090803D /* Sources */ = {
			isa = PBXSourcesBuildPhase;
			buildActionMask = 2147483647;
			files = (
				18D08BA726AEA2960090803D /* ViewUITests.swift in Sources */,
			);
			runOnlyForDeploymentPostprocessing = 0;
		};
/* End PBXSourcesBuildPhase section */

/* Begin PBXTargetDependency section */
		18D08B9926AEA2950090803D /* PBXTargetDependency */ = {
			isa = PBXTargetDependency;
			target = 18D08B8026AEA2930090803D /* View */;
			targetProxy = 18D08B9826AEA2950090803D /* PBXContainerItemProxy */;
		};
		18D08BA426AEA2960090803D /* PBXTargetDependency */ = {
			isa = PBXTargetDependency;
			target = 18D08B8026AEA2930090803D /* View */;
			targetProxy = 18D08BA326AEA2960090803D /* PBXContainerItemProxy */;
		};
/* End PBXTargetDependency section */

/* Begin PBXVariantGroup section */
		18D08B8A26AEA2930090803D /* Main.storyboard */ = {
			isa = PBXVariantGroup;
			children = (
				18D08B8B26AEA2930090803D /* Base */,
			);
			name = Main.storyboard;
			sourceTree = "<group>";
		};
		18D08B8F26AEA2950090803D /* LaunchScreen.storyboard */ = {
			isa = PBXVariantGroup;
			children = (
				18D08B9026AEA2950090803D /* Base */,
			);
			name = LaunchScreen.storyboard;
			sourceTree = "<group>";
		};
/* End PBXVariantGroup section */

/* Begin XCBuildConfiguration section */
		18D08BA926AEA2960090803D /* Debug */ = {
			isa = XCBuildConfiguration;
			buildSettings = {
				ALWAYS_SEARCH_USER_PATHS = NO;
				CLANG_ANALYZER_NONNULL = YES;
				CLANG_ANALYZER_NUMBER_OBJECT_CONVERSION = YES_AGGRESSIVE;
				CLANG_CXX_LANGUAGE_STANDARD = "gnu++14";
				CLANG_CXX_LIBRARY = "libc++";
				CLANG_ENABLE_MODULES = YES;
				CLANG_ENABLE_OBJC_ARC = YES;
				CLANG_ENABLE_OBJC_WEAK = YES;
				CLANG_WARN_BLOCK_CAPTURE_AUTORELEASING = YES;
				CLANG_WARN_BOOL_CONVERSION = YES;
				CLANG_WARN_COMMA = YES;
				CLANG_WARN_CONSTANT_CONVERSION = YES;
				CLANG_WARN_DEPRECATED_OBJC_IMPLEMENTATIONS = YES;
				CLANG_WARN_DIRECT_OBJC_ISA_USAGE = YES_ERROR;
				CLANG_WARN_DOCUMENTATION_COMMENTS = YES;
				CLANG_WARN_EMPTY_BODY = YES;
				CLANG_WARN_ENUM_CONVERSION = YES;
				CLANG_WARN_INFINITE_RECURSION = YES;
				CLANG_WARN_INT_CONVERSION = YES;
				CLANG_WARN_NON_LITERAL_NULL_CONVERSION = YES;
				CLANG_WARN_OBJC_IMPLICIT_RETAIN_SELF = YES;
				CLANG_WARN_OBJC_LITERAL_CONVERSION = YES;
				CLANG_WARN_OBJC_ROOT_CLASS = YES_ERROR;
				CLANG_WARN_QUOTED_INCLUDE_IN_FRAMEWORK_HEADER = YES;
				CLANG_WARN_RANGE_LOOP_ANALYSIS = YES;
				CLANG_WARN_STRICT_PROTOTYPES = YES;
				CLANG_WARN_SUSPICIOUS_MOVE = YES;
				CLANG_WARN_UNGUARDED_AVAILABILITY = YES_AGGRESSIVE;
				CLANG_WARN_UNREACHABLE_CODE = YES;
				CLANG_WARN__DUPLICATE_METHOD_MATCH = YES;
				COPY_PHASE_STRIP = NO;
				DEBUG_INFORMATION_FORMAT = dwarf;
				ENABLE_STRICT_OBJC_MSGSEND = YES;
				ENABLE_TESTABILITY = YES;
				GCC_C_LANGUAGE_STANDARD = gnu11;
				GCC_DYNAMIC_NO_PIC = NO;
				GCC_NO_COMMON_BLOCKS = YES;
				GCC_OPTIMIZATION_LEVEL = 0;
				GCC_PREPROCESSOR_DEFINITIONS = (
					"DEBUG=1",
					"$(inherited)",
				);
				GCC_WARN_64_TO_32_BIT_CONVERSION = YES;
				GCC_WARN_ABOUT_RETURN_TYPE = YES_ERROR;
				GCC_WARN_UNDECLARED_SELECTOR = YES;
				GCC_WARN_UNINITIALIZED_AUTOS = YES_AGGRESSIVE;
				GCC_WARN_UNUSED_FUNCTION = YES;
				GCC_WARN_UNUSED_VARIABLE = YES;
				IPHONEOS_DEPLOYMENT_TARGET = 14.5;
				MTL_ENABLE_DEBUG_INFO = INCLUDE_SOURCE;
				MTL_FAST_MATH = YES;
				ONLY_ACTIVE_ARCH = YES;
				SDKROOT = iphoneos;
				SWIFT_ACTIVE_COMPILATION_CONDITIONS = DEBUG;
				SWIFT_OPTIMIZATION_LEVEL = "-Onone";
			};
			name = Debug;
		};
		18D08BAA26AEA2960090803D /* Release */ = {
			isa = XCBuildConfiguration;
			buildSettings = {
				ALWAYS_SEARCH_USER_PATHS = NO;
				CLANG_ANALYZER_NONNULL = YES;
				CLANG_ANALYZER_NUMBER_OBJECT_CONVERSION = YES_AGGRESSIVE;
				CLANG_CXX_LANGUAGE_STANDARD = "gnu++14";
				CLANG_CXX_LIBRARY = "libc++";
				CLANG_ENABLE_MODULES = YES;
				CLANG_ENABLE_OBJC_ARC = YES;
				CLANG_ENABLE_OBJC_WEAK = YES;
				CLANG_WARN_BLOCK_CAPTURE_AUTORELEASING = YES;
				CLANG_WARN_BOOL_CONVERSION = YES;
				CLANG_WARN_COMMA = YES;
				CLANG_WARN_CONSTANT_CONVERSION = YES;
				CLANG_WARN_DEPRECATED_OBJC_IMPLEMENTATIONS = YES;
				CLANG_WARN_DIRECT_OBJC_ISA_USAGE = YES_ERROR;
				CLANG_WARN_DOCUMENTATION_COMMENTS = YES;
				CLANG_WARN_EMPTY_BODY = YES;
				CLANG_WARN_ENUM_CONVERSION = YES;
				CLANG_WARN_INFINITE_RECURSION = YES;
				CLANG_WARN_INT_CONVERSION = YES;
				CLANG_WARN_NON_LITERAL_NULL_CONVERSION = YES;
				CLANG_WARN_OBJC_IMPLICIT_RETAIN_SELF = YES;
				CLANG_WARN_OBJC_LITERAL_CONVERSION = YES;
				CLANG_WARN_OBJC_ROOT_CLASS = YES_ERROR;
				CLANG_WARN_QUOTED_INCLUDE_IN_FRAMEWORK_HEADER = YES;
				CLANG_WARN_RANGE_LOOP_ANALYSIS = YES;
				CLANG_WARN_STRICT_PROTOTYPES = YES;
				CLANG_WARN_SUSPICIOUS_MOVE = YES;
				CLANG_WARN_UNGUARDED_AVAILABILITY = YES_AGGRESSIVE;
				CLANG_WARN_UNREACHABLE_CODE = YES;
				CLANG_WARN__DUPLICATE_METHOD_MATCH = YES;
				COPY_PHASE_STRIP = NO;
				DEBUG_INFORMATION_FORMAT = "dwarf-with-dsym";
				ENABLE_NS_ASSERTIONS = NO;
				ENABLE_STRICT_OBJC_MSGSEND = YES;
				GCC_C_LANGUAGE_STANDARD = gnu11;
				GCC_NO_COMMON_BLOCKS = YES;
				GCC_WARN_64_TO_32_BIT_CONVERSION = YES;
				GCC_WARN_ABOUT_RETURN_TYPE = YES_ERROR;
				GCC_WARN_UNDECLARED_SELECTOR = YES;
				GCC_WARN_UNINITIALIZED_AUTOS = YES_AGGRESSIVE;
				GCC_WARN_UNUSED_FUNCTION = YES;
				GCC_WARN_UNUSED_VARIABLE = YES;
				IPHONEOS_DEPLOYMENT_TARGET = 14.5;
				MTL_ENABLE_DEBUG_INFO = NO;
				MTL_FAST_MATH = YES;
				SDKROOT = iphoneos;
				SWIFT_COMPILATION_MODE = wholemodule;
				SWIFT_OPTIMIZATION_LEVEL = "-O";
				VALIDATE_PRODUCT = YES;
			};
			name = Release;
		};
		18D08BAC26AEA2960090803D /* Debug */ = {
			isa = XCBuildConfiguration;
			buildSettings = {
				ASSETCATALOG_COMPILER_APPICON_NAME = AppIcon;
				ASSETCATALOG_COMPILER_GLOBAL_ACCENT_COLOR_NAME = AccentColor;
				CODE_SIGN_STYLE = Automatic;
				DEVELOPMENT_TEAM = F23V9ZG65X;
				INFOPLIST_FILE = View/Info.plist;
				LD_RUNPATH_SEARCH_PATHS = (
					"$(inherited)",
					"@executable_path/Frameworks",
				);
				PRODUCT_BUNDLE_IDENTIFIER = abao769.View;
				PRODUCT_NAME = "$(TARGET_NAME)";
				SWIFT_VERSION = 5.0;
				TARGETED_DEVICE_FAMILY = "1,2";
			};
			name = Debug;
		};
		18D08BAD26AEA2960090803D /* Release */ = {
			isa = XCBuildConfiguration;
			buildSettings = {
				ASSETCATALOG_COMPILER_APPICON_NAME = AppIcon;
				ASSETCATALOG_COMPILER_GLOBAL_ACCENT_COLOR_NAME = AccentColor;
				CODE_SIGN_STYLE = Automatic;
				DEVELOPMENT_TEAM = F23V9ZG65X;
				INFOPLIST_FILE = View/Info.plist;
				LD_RUNPATH_SEARCH_PATHS = (
					"$(inherited)",
					"@executable_path/Frameworks",
				);
				PRODUCT_BUNDLE_IDENTIFIER = abao769.View;
				PRODUCT_NAME = "$(TARGET_NAME)";
				SWIFT_VERSION = 5.0;
				TARGETED_DEVICE_FAMILY = "1,2";
			};
			name = Release;
		};
		18D08BAF26AEA2960090803D /* Debug */ = {
			isa = XCBuildConfiguration;
			buildSettings = {
				ALWAYS_EMBED_SWIFT_STANDARD_LIBRARIES = YES;
				BUNDLE_LOADER = "$(TEST_HOST)";
				CODE_SIGN_STYLE = Automatic;
				DEVELOPMENT_TEAM = F23V9ZG65X;
				INFOPLIST_FILE = ViewTests/Info.plist;
				IPHONEOS_DEPLOYMENT_TARGET = 14.5;
				LD_RUNPATH_SEARCH_PATHS = (
					"$(inherited)",
					"@executable_path/Frameworks",
					"@loader_path/Frameworks",
				);
				PRODUCT_BUNDLE_IDENTIFIER = abao769.ViewTests;
				PRODUCT_NAME = "$(TARGET_NAME)";
				SWIFT_VERSION = 5.0;
				TARGETED_DEVICE_FAMILY = "1,2";
				TEST_HOST = "$(BUILT_PRODUCTS_DIR)/View.app/View";
			};
			name = Debug;
		};
		18D08BB026AEA2960090803D /* Release */ = {
			isa = XCBuildConfiguration;
			buildSettings = {
				ALWAYS_EMBED_SWIFT_STANDARD_LIBRARIES = YES;
				BUNDLE_LOADER = "$(TEST_HOST)";
				CODE_SIGN_STYLE = Automatic;
				DEVELOPMENT_TEAM = F23V9ZG65X;
				INFOPLIST_FILE = ViewTests/Info.plist;
				IPHONEOS_DEPLOYMENT_TARGET = 14.5;
				LD_RUNPATH_SEARCH_PATHS = (
					"$(inherited)",
					"@executable_path/Frameworks",
					"@loader_path/Frameworks",
				);
				PRODUCT_BUNDLE_IDENTIFIER = abao769.ViewTests;
				PRODUCT_NAME = "$(TARGET_NAME)";
				SWIFT_VERSION = 5.0;
				TARGETED_DEVICE_FAMILY = "1,2";
				TEST_HOST = "$(BUILT_PRODUCTS_DIR)/View.app/View";
			};
			name = Release;
		};
		18D08BB226AEA2960090803D /* Debug */ = {
			isa = XCBuildConfiguration;
			buildSettings = {
				ALWAYS_EMBED_SWIFT_STANDARD_LIBRARIES = YES;
				CODE_SIGN_STYLE = Automatic;
				DEVELOPMENT_TEAM = F23V9ZG65X;
				INFOPLIST_FILE = ViewUITests/Info.plist;
				LD_RUNPATH_SEARCH_PATHS = (
					"$(inherited)",
					"@executable_path/Frameworks",
					"@loader_path/Frameworks",
				);
				PRODUCT_BUNDLE_IDENTIFIER = abao769.ViewUITests;
				PRODUCT_NAME = "$(TARGET_NAME)";
				SWIFT_VERSION = 5.0;
				TARGETED_DEVICE_FAMILY = "1,2";
				TEST_TARGET_NAME = View;
			};
			name = Debug;
		};
		18D08BB326AEA2960090803D /* Release */ = {
			isa = XCBuildConfiguration;
			buildSettings = {
				ALWAYS_EMBED_SWIFT_STANDARD_LIBRARIES = YES;
				CODE_SIGN_STYLE = Automatic;
				DEVELOPMENT_TEAM = F23V9ZG65X;
				INFOPLIST_FILE = ViewUITests/Info.plist;
				LD_RUNPATH_SEARCH_PATHS = (
					"$(inherited)",
					"@executable_path/Frameworks",
					"@loader_path/Frameworks",
				);
				PRODUCT_BUNDLE_IDENTIFIER = abao769.ViewUITests;
				PRODUCT_NAME = "$(TARGET_NAME)";
				SWIFT_VERSION = 5.0;
				TARGETED_DEVICE_FAMILY = "1,2";
				TEST_TARGET_NAME = View;
			};
			name = Release;
		};
/* End XCBuildConfiguration section */

/* Begin XCConfigurationList section */
		18D08B7C26AEA2930090803D /* Build configuration list for PBXProject "View" */ = {
			isa = XCConfigurationList;
			buildConfigurations = (
				18D08BA926AEA2960090803D /* Debug */,
				18D08BAA26AEA2960090803D /* Release */,
			);
			defaultConfigurationIsVisible = 0;
			defaultConfigurationName = Release;
		};
		18D08BAB26AEA2960090803D /* Build configuration list for PBXNativeTarget "View" */ = {
			isa = XCConfigurationList;
			buildConfigurations = (
				18D08BAC26AEA2960090803D /* Debug */,
				18D08BAD26AEA2960090803D /* Release */,
			);
			defaultConfigurationIsVisible = 0;
			defaultConfigurationName = Release;
		};
		18D08BAE26AEA2960090803D /* Build configuration list for PBXNativeTarget "ViewTests" */ = {
			isa = XCConfigurationList;
			buildConfigurations = (
				18D08BAF26AEA2960090803D /* Debug */,
				18D08BB026AEA2960090803D /* Release */,
			);
			defaultConfigurationIsVisible = 0;
			defaultConfigurationName = Release;
		};
		18D08BB126AEA2960090803D /* Build configuration list for PBXNativeTarget "ViewUITests" */ = {
			isa = XCConfigurationList;
			buildConfigurations = (
				18D08BB226AEA2960090803D /* Debug */,
				18D08BB326AEA2960090803D /* Release */,
			);
			defaultConfigurationIsVisible = 0;
			defaultConfigurationName = Release;
		};
/* End XCConfigurationList section */
	};
	rootObject = 18D08B7926AEA2930090803D /* Project object */;
}
