// !$*UTF8*$!
{
	archiveVersion = 1;
	classes = {
	};
	objectVersion = 50;
	objects = {

/* Begin PBXBuildFile section */
		186FC86226B3B429008A9474 /* AppDelegate.swift in Sources */ = {isa = PBXBuildFile; fileRef = 186FC86126B3B429008A9474 /* AppDelegate.swift */; };
		186FC86426B3B429008A9474 /* SceneDelegate.swift in Sources */ = {isa = PBXBuildFile; fileRef = 186FC86326B3B429008A9474 /* SceneDelegate.swift */; };
		186FC86626B3B429008A9474 /* ViewController.swift in Sources */ = {isa = PBXBuildFile; fileRef = 186FC86526B3B429008A9474 /* ViewController.swift */; };
		186FC86926B3B429008A9474 /* Main.storyboard in Resources */ = {isa = PBXBuildFile; fileRef = 186FC86726B3B429008A9474 /* Main.storyboard */; };
		186FC86B26B3B42A008A9474 /* Assets.xcassets in Resources */ = {isa = PBXBuildFile; fileRef = 186FC86A26B3B42A008A9474 /* Assets.xcassets */; };
		186FC86E26B3B42A008A9474 /* LaunchScreen.storyboard in Resources */ = {isa = PBXBuildFile; fileRef = 186FC86C26B3B42A008A9474 /* LaunchScreen.storyboard */; };
		186FC87626B3B4EF008A9474 /* UserView.swift in Sources */ = {isa = PBXBuildFile; fileRef = 186FC87526B3B4EF008A9474 /* UserView.swift */; };
		186FC87A26B3B580008A9474 /* UserView.xib in Resources */ = {isa = PBXBuildFile; fileRef = 186FC87926B3B580008A9474 /* UserView.xib */; };
/* End PBXBuildFile section */

/* Begin PBXFileReference section */
		186FC85E26B3B429008A9474 /* DelegationPattern.app */ = {isa = PBXFileReference; explicitFileType = wrapper.application; includeInIndex = 0; path = DelegationPattern.app; sourceTree = BUILT_PRODUCTS_DIR; };
		186FC86126B3B429008A9474 /* AppDelegate.swift */ = {isa = PBXFileReference; lastKnownFileType = sourcecode.swift; path = AppDelegate.swift; sourceTree = "<group>"; };
		186FC86326B3B429008A9474 /* SceneDelegate.swift */ = {isa = PBXFileReference; lastKnownFileType = sourcecode.swift; path = SceneDelegate.swift; sourceTree = "<group>"; };
		186FC86526B3B429008A9474 /* ViewController.swift */ = {isa = PBXFileReference; lastKnownFileType = sourcecode.swift; path = ViewController.swift; sourceTree = "<group>"; };
		186FC86826B3B429008A9474 /* Base */ = {isa = PBXFileReference; lastKnownFileType = file.storyboard; name = Base; path = Base.lproj/Main.storyboard; sourceTree = "<group>"; };
		186FC86A26B3B42A008A9474 /* Assets.xcassets */ = {isa = PBXFileReference; lastKnownFileType = folder.assetcatalog; path = Assets.xcassets; sourceTree = "<group>"; };
		186FC86D26B3B42A008A9474 /* Base */ = {isa = PBXFileReference; lastKnownFileType = file.storyboard; name = Base; path = Base.lproj/LaunchScreen.storyboard; sourceTree = "<group>"; };
		186FC86F26B3B42A008A9474 /* Info.plist */ = {isa = PBXFileReference; lastKnownFileType = text.plist.xml; path = Info.plist; sourceTree = "<group>"; };
		186FC87526B3B4EF008A9474 /* UserView.swift */ = {isa = PBXFileReference; lastKnownFileType = sourcecode.swift; path = UserView.swift; sourceTree = "<group>"; };
		186FC87926B3B580008A9474 /* UserView.xib */ = {isa = PBXFileReference; lastKnownFileType = file.xib; path = UserView.xib; sourceTree = "<group>"; };
/* End PBXFileReference section */

/* Begin PBXFrameworksBuildPhase section */
		186FC85B26B3B429008A9474 /* Frameworks */ = {
			isa = PBXFrameworksBuildPhase;
			buildActionMask = 2147483647;
			files = (
			);
			runOnlyForDeploymentPostprocessing = 0;
		};
/* End PBXFrameworksBuildPhase section */

/* Begin PBXGroup section */
		186FC85526B3B428008A9474 = {
			isa = PBXGroup;
			children = (
				186FC86026B3B429008A9474 /* DelegationPattern */,
				186FC85F26B3B429008A9474 /* Products */,
			);
			sourceTree = "<group>";
		};
		186FC85F26B3B429008A9474 /* Products */ = {
			isa = PBXGroup;
			children = (
				186FC85E26B3B429008A9474 /* DelegationPattern.app */,
			);
			name = Products;
			sourceTree = "<group>";
		};
		186FC86026B3B429008A9474 /* DelegationPattern */ = {
			isa = PBXGroup;
			children = (
				186FC86126B3B429008A9474 /* AppDelegate.swift */,
				186FC86326B3B429008A9474 /* SceneDelegate.swift */,
				186FC86526B3B429008A9474 /* ViewController.swift */,
				186FC86726B3B429008A9474 /* Main.storyboard */,
				186FC86A26B3B42A008A9474 /* Assets.xcassets */,
				186FC86C26B3B42A008A9474 /* LaunchScreen.storyboard */,
				186FC86F26B3B42A008A9474 /* Info.plist */,
				186FC87526B3B4EF008A9474 /* UserView.swift */,
				186FC87926B3B580008A9474 /* UserView.xib */,
			);
			path = DelegationPattern;
			sourceTree = "<group>";
		};
/* End PBXGroup section */

/* Begin PBXNativeTarget section */
		186FC85D26B3B429008A9474 /* DelegationPattern */ = {
			isa = PBXNativeTarget;
			buildConfigurationList = 186FC87226B3B42A008A9474 /* Build configuration list for PBXNativeTarget "DelegationPattern" */;
			buildPhases = (
				186FC85A26B3B429008A9474 /* Sources */,
				186FC85B26B3B429008A9474 /* Frameworks */,
				186FC85C26B3B429008A9474 /* Resources */,
			);
			buildRules = (
			);
			dependencies = (
			);
			name = DelegationPattern;
			productName = DelegationPattern;
			productReference = 186FC85E26B3B429008A9474 /* DelegationPattern.app */;
			productType = "com.apple.product-type.application";
		};
/* End PBXNativeTarget section */

/* Begin PBXProject section */
		186FC85626B3B428008A9474 /* Project object */ = {
			isa = PBXProject;
			attributes = {
				LastSwiftUpdateCheck = 1250;
				LastUpgradeCheck = 1250;
				TargetAttributes = {
					186FC85D26B3B429008A9474 = {
						CreatedOnToolsVersion = 12.5.1;
					};
				};
			};
			buildConfigurationList = 186FC85926B3B429008A9474 /* Build configuration list for PBXProject "DelegationPattern" */;
			compatibilityVersion = "Xcode 9.3";
			developmentRegion = en;
			hasScannedForEncodings = 0;
			knownRegions = (
				en,
				Base,
			);
			mainGroup = 186FC85526B3B428008A9474;
			productRefGroup = 186FC85F26B3B429008A9474 /* Products */;
			projectDirPath = "";
			projectRoot = "";
			targets = (
				186FC85D26B3B429008A9474 /* DelegationPattern */,
			);
		};
/* End PBXProject section */

/* Begin PBXResourcesBuildPhase section */
		186FC85C26B3B429008A9474 /* Resources */ = {
			isa = PBXResourcesBuildPhase;
			buildActionMask = 2147483647;
			files = (
				186FC86E26B3B42A008A9474 /* LaunchScreen.storyboard in Resources */,
				186FC86B26B3B42A008A9474 /* Assets.xcassets in Resources */,
				186FC86926B3B429008A9474 /* Main.storyboard in Resources */,
				186FC87A26B3B580008A9474 /* UserView.xib in Resources */,
			);
			runOnlyForDeploymentPostprocessing = 0;
		};
/* End PBXResourcesBuildPhase section */

/* Begin PBXSourcesBuildPhase section */
		186FC85A26B3B429008A9474 /* Sources */ = {
			isa = PBXSourcesBuildPhase;
			buildActionMask = 2147483647;
			files = (
				186FC86626B3B429008A9474 /* ViewController.swift in Sources */,
				186FC86226B3B429008A9474 /* AppDelegate.swift in Sources */,
				186FC86426B3B429008A9474 /* SceneDelegate.swift in Sources */,
				186FC87626B3B4EF008A9474 /* UserView.swift in Sources */,
			);
			runOnlyForDeploymentPostprocessing = 0;
		};
/* End PBXSourcesBuildPhase section */

/* Begin PBXVariantGroup section */
		186FC86726B3B429008A9474 /* Main.storyboard */ = {
			isa = PBXVariantGroup;
			children = (
				186FC86826B3B429008A9474 /* Base */,
			);
			name = Main.storyboard;
			sourceTree = "<group>";
		};
		186FC86C26B3B42A008A9474 /* LaunchScreen.storyboard */ = {
			isa = PBXVariantGroup;
			children = (
				186FC86D26B3B42A008A9474 /* Base */,
			);
			name = LaunchScreen.storyboard;
			sourceTree = "<group>";
		};
/* End PBXVariantGroup section */

/* Begin XCBuildConfiguration section */
		186FC87026B3B42A008A9474 /* Debug */ = {
			isa = XCBuildConfiguration;
			buildSettings = {
				ALWAYS_SEARCH_USER_PATHS = NO;
				CLANG_ANALYZER_NONNULL = YES;
				CLANG_ANALYZER_NUMBER_OBJECT_CONVERSION = YES_AGGRESSIVE;
				CLANG_CXX_LANGUAGE_STANDARD = "gnu++14";
				CLANG_CXX_LIBRARY = "libc++";
				CLANG_ENABLE_MODULES = YES;
				CLANG_ENABLE_OBJC_ARC = YES;
				CLANG_ENABLE_OBJC_WEAK = YES;
				CLANG_WARN_BLOCK_CAPTURE_AUTORELEASING = YES;
				CLANG_WARN_BOOL_CONVERSION = YES;
				CLANG_WARN_COMMA = YES;
				CLANG_WARN_CONSTANT_CONVERSION = YES;
				CLANG_WARN_DEPRECATED_OBJC_IMPLEMENTATIONS = YES;
				CLANG_WARN_DIRECT_OBJC_ISA_USAGE = YES_ERROR;
				CLANG_WARN_DOCUMENTATION_COMMENTS = YES;
				CLANG_WARN_EMPTY_BODY = YES;
				CLANG_WARN_ENUM_CONVERSION = YES;
				CLANG_WARN_INFINITE_RECURSION = YES;
				CLANG_WARN_INT_CONVERSION = YES;
				CLANG_WARN_NON_LITERAL_NULL_CONVERSION = YES;
				CLANG_WARN_OBJC_IMPLICIT_RETAIN_SELF = YES;
				CLANG_WARN_OBJC_LITERAL_CONVERSION = YES;
				CLANG_WARN_OBJC_ROOT_CLASS = YES_ERROR;
				CLANG_WARN_QUOTED_INCLUDE_IN_FRAMEWORK_HEADER = YES;
				CLANG_WARN_RANGE_LOOP_ANALYSIS = YES;
				CLANG_WARN_STRICT_PROTOTYPES = YES;
				CLANG_WARN_SUSPICIOUS_MOVE = YES;
				CLANG_WARN_UNGUARDED_AVAILABILITY = YES_AGGRESSIVE;
				CLANG_WARN_UNREACHABLE_CODE = YES;
				CLANG_WARN__DUPLICATE_METHOD_MATCH = YES;
				COPY_PHASE_STRIP = NO;
				DEBUG_INFORMATION_FORMAT = dwarf;
				ENABLE_STRICT_OBJC_MSGSEND = YES;
				ENABLE_TESTABILITY = YES;
				GCC_C_LANGUAGE_STANDARD = gnu11;
				GCC_DYNAMIC_NO_PIC = NO;
				GCC_NO_COMMON_BLOCKS = YES;
				GCC_OPTIMIZATION_LEVEL = 0;
				GCC_PREPROCESSOR_DEFINITIONS = (
					"DEBUG=1",
					"$(inherited)",
				);
				GCC_WARN_64_TO_32_BIT_CONVERSION = YES;
				GCC_WARN_ABOUT_RETURN_TYPE = YES_ERROR;
				GCC_WARN_UNDECLARED_SELECTOR = YES;
				GCC_WARN_UNINITIALIZED_AUTOS = YES_AGGRESSIVE;
				GCC_WARN_UNUSED_FUNCTION = YES;
				GCC_WARN_UNUSED_VARIABLE = YES;
				IPHONEOS_DEPLOYMENT_TARGET = 14.5;
				MTL_ENABLE_DEBUG_INFO = INCLUDE_SOURCE;
				MTL_FAST_MATH = YES;
				ONLY_ACTIVE_ARCH = YES;
				SDKROOT = iphoneos;
				SWIFT_ACTIVE_COMPILATION_CONDITIONS = DEBUG;
				SWIFT_OPTIMIZATION_LEVEL = "-Onone";
			};
			name = Debug;
		};
		186FC87126B3B42A008A9474 /* Release */ = {
			isa = XCBuildConfiguration;
			buildSettings = {
				ALWAYS_SEARCH_USER_PATHS = NO;
				CLANG_ANALYZER_NONNULL = YES;
				CLANG_ANALYZER_NUMBER_OBJECT_CONVERSION = YES_AGGRESSIVE;
				CLANG_CXX_LANGUAGE_STANDARD = "gnu++14";
				CLANG_CXX_LIBRARY = "libc++";
				CLANG_ENABLE_MODULES = YES;
				CLANG_ENABLE_OBJC_ARC = YES;
				CLANG_ENABLE_OBJC_WEAK = YES;
				CLANG_WARN_BLOCK_CAPTURE_AUTORELEASING = YES;
				CLANG_WARN_BOOL_CONVERSION = YES;
				CLANG_WARN_COMMA = YES;
				CLANG_WARN_CONSTANT_CONVERSION = YES;
				CLANG_WARN_DEPRECATED_OBJC_IMPLEMENTATIONS = YES;
				CLANG_WARN_DIRECT_OBJC_ISA_USAGE = YES_ERROR;
				CLANG_WARN_DOCUMENTATION_COMMENTS = YES;
				CLANG_WARN_EMPTY_BODY = YES;
				CLANG_WARN_ENUM_CONVERSION = YES;
				CLANG_WARN_INFINITE_RECURSION = YES;
				CLANG_WARN_INT_CONVERSION = YES;
				CLANG_WARN_NON_LITERAL_NULL_CONVERSION = YES;
				CLANG_WARN_OBJC_IMPLICIT_RETAIN_SELF = YES;
				CLANG_WARN_OBJC_LITERAL_CONVERSION = YES;
				CLANG_WARN_OBJC_ROOT_CLASS = YES_ERROR;
				CLANG_WARN_QUOTED_INCLUDE_IN_FRAMEWORK_HEADER = YES;
				CLANG_WARN_RANGE_LOOP_ANALYSIS = YES;
				CLANG_WARN_STRICT_PROTOTYPES = YES;
				CLANG_WARN_SUSPICIOUS_MOVE = YES;
				CLANG_WARN_UNGUARDED_AVAILABILITY = YES_AGGRESSIVE;
				CLANG_WARN_UNREACHABLE_CODE = YES;
				CLANG_WARN__DUPLICATE_METHOD_MATCH = YES;
				COPY_PHASE_STRIP = NO;
				DEBUG_INFORMATION_FORMAT = "dwarf-with-dsym";
				ENABLE_NS_ASSERTIONS = NO;
				ENABLE_STRICT_OBJC_MSGSEND = YES;
				GCC_C_LANGUAGE_STANDARD = gnu11;
				GCC_NO_COMMON_BLOCKS = YES;
				GCC_WARN_64_TO_32_BIT_CONVERSION = YES;
				GCC_WARN_ABOUT_RETURN_TYPE = YES_ERROR;
				GCC_WARN_UNDECLARED_SELECTOR = YES;
				GCC_WARN_UNINITIALIZED_AUTOS = YES_AGGRESSIVE;
				GCC_WARN_UNUSED_FUNCTION = YES;
				GCC_WARN_UNUSED_VARIABLE = YES;
				IPHONEOS_DEPLOYMENT_TARGET = 14.5;
				MTL_ENABLE_DEBUG_INFO = NO;
				MTL_FAST_MATH = YES;
				SDKROOT = iphoneos;
				SWIFT_COMPILATION_MODE = wholemodule;
				SWIFT_OPTIMIZATION_LEVEL = "-O";
				VALIDATE_PRODUCT = YES;
			};
			name = Release;
		};
		186FC87326B3B42A008A9474 /* Debug */ = {
			isa = XCBuildConfiguration;
			buildSettings = {
				ASSETCATALOG_COMPILER_APPICON_NAME = AppIcon;
				ASSETCATALOG_COMPILER_GLOBAL_ACCENT_COLOR_NAME = AccentColor;
				CODE_SIGN_STYLE = Automatic;
				DEVELOPMENT_TEAM = F23V9ZG65X;
				INFOPLIST_FILE = DelegationPattern/Info.plist;
				LD_RUNPATH_SEARCH_PATHS = (
					"$(inherited)",
					"@executable_path/Frameworks",
				);
				PRODUCT_BUNDLE_IDENTIFIER = abao769.DelegationPattern;
				PRODUCT_NAME = "$(TARGET_NAME)";
				SWIFT_VERSION = 5.0;
				TARGETED_DEVICE_FAMILY = "1,2";
			};
			name = Debug;
		};
		186FC87426B3B42A008A9474 /* Release */ = {
			isa = XCBuildConfiguration;
			buildSettings = {
				ASSETCATALOG_COMPILER_APPICON_NAME = AppIcon;
				ASSETCATALOG_COMPILER_GLOBAL_ACCENT_COLOR_NAME = AccentColor;
				CODE_SIGN_STYLE = Automatic;
				DEVELOPMENT_TEAM = F23V9ZG65X;
				INFOPLIST_FILE = DelegationPattern/Info.plist;
				LD_RUNPATH_SEARCH_PATHS = (
					"$(inherited)",
					"@executable_path/Frameworks",
				);
				PRODUCT_BUNDLE_IDENTIFIER = abao769.DelegationPattern;
				PRODUCT_NAME = "$(TARGET_NAME)";
				SWIFT_VERSION = 5.0;
				TARGETED_DEVICE_FAMILY = "1,2";
			};
			name = Release;
		};
/* End XCBuildConfiguration section */

/* Begin XCConfigurationList section */
		186FC85926B3B429008A9474 /* Build configuration list for PBXProject "DelegationPattern" */ = {
			isa = XCConfigurationList;
			buildConfigurations = (
				186FC87026B3B42A008A9474 /* Debug */,
				186FC87126B3B42A008A9474 /* Release */,
			);
			defaultConfigurationIsVisible = 0;
			defaultConfigurationName = Release;
		};
		186FC87226B3B42A008A9474 /* Build configuration list for PBXNativeTarget "DelegationPattern" */ = {
			isa = XCConfigurationList;
			buildConfigurations = (
				186FC87326B3B42A008A9474 /* Debug */,
				186FC87426B3B42A008A9474 /* Release */,
			);
			defaultConfigurationIsVisible = 0;
			defaultConfigurationName = Release;
		};
/* End XCConfigurationList section */
	};
	rootObject = 186FC85626B3B428008A9474 /* Project object */;
}
