// !$*UTF8*$!
{
	archiveVersion = 1;
	classes = {
	};
	objectVersion = 50;
	objects = {

/* Begin PBXBuildFile section */
		186FC91A26B4D090008A9474 /* AppDelegate.swift in Sources */ = {isa = PBXBuildFile; fileRef = 186FC91926B4D090008A9474 /* AppDelegate.swift */; };
		186FC91C26B4D090008A9474 /* SceneDelegate.swift in Sources */ = {isa = PBXBuildFile; fileRef = 186FC91B26B4D090008A9474 /* SceneDelegate.swift */; };
		186FC91E26B4D090008A9474 /* ViewController.swift in Sources */ = {isa = PBXBuildFile; fileRef = 186FC91D26B4D090008A9474 /* ViewController.swift */; };
		186FC92126B4D090008A9474 /* Main.storyboard in Resources */ = {isa = PBXBuildFile; fileRef = 186FC91F26B4D090008A9474 /* Main.storyboard */; };
		186FC92326B4D092008A9474 /* Assets.xcassets in Resources */ = {isa = PBXBuildFile; fileRef = 186FC92226B4D092008A9474 /* Assets.xcassets */; };
		186FC92626B4D092008A9474 /* LaunchScreen.storyboard in Resources */ = {isa = PBXBuildFile; fileRef = 186FC92426B4D092008A9474 /* LaunchScreen.storyboard */; };
		186FC93026B4D113008A9474 /* Calculator.swift in Sources */ = {isa = PBXBuildFile; fileRef = 186FC92F26B4D113008A9474 /* Calculator.swift */; };
/* End PBXBuildFile section */

/* Begin PBXFileReference section */
		186FC91626B4D090008A9474 /* MVC1.app */ = {isa = PBXFileReference; explicitFileType = wrapper.application; includeInIndex = 0; path = MVC1.app; sourceTree = BUILT_PRODUCTS_DIR; };
		186FC91926B4D090008A9474 /* AppDelegate.swift */ = {isa = PBXFileReference; lastKnownFileType = sourcecode.swift; path = AppDelegate.swift; sourceTree = "<group>"; };
		186FC91B26B4D090008A9474 /* SceneDelegate.swift */ = {isa = PBXFileReference; lastKnownFileType = sourcecode.swift; path = SceneDelegate.swift; sourceTree = "<group>"; };
		186FC91D26B4D090008A9474 /* ViewController.swift */ = {isa = PBXFileReference; lastKnownFileType = sourcecode.swift; path = ViewController.swift; sourceTree = "<group>"; };
		186FC92026B4D090008A9474 /* Base */ = {isa = PBXFileReference; lastKnownFileType = file.storyboard; name = Base; path = Base.lproj/Main.storyboard; sourceTree = "<group>"; };
		186FC92226B4D092008A9474 /* Assets.xcassets */ = {isa = PBXFileReference; lastKnownFileType = folder.assetcatalog; path = Assets.xcassets; sourceTree = "<group>"; };
		186FC92526B4D092008A9474 /* Base */ = {isa = PBXFileReference; lastKnownFileType = file.storyboard; name = Base; path = Base.lproj/LaunchScreen.storyboard; sourceTree = "<group>"; };
		186FC92726B4D092008A9474 /* Info.plist */ = {isa = PBXFileReference; lastKnownFileType = text.plist.xml; path = Info.plist; sourceTree = "<group>"; };
		186FC92F26B4D113008A9474 /* Calculator.swift */ = {isa = PBXFileReference; lastKnownFileType = sourcecode.swift; path = Calculator.swift; sourceTree = "<group>"; };
/* End PBXFileReference section */

/* Begin PBXFrameworksBuildPhase section */
		186FC91326B4D090008A9474 /* Frameworks */ = {
			isa = PBXFrameworksBuildPhase;
			buildActionMask = 2147483647;
			files = (
			);
			runOnlyForDeploymentPostprocessing = 0;
		};
/* End PBXFrameworksBuildPhase section */

/* Begin PBXGroup section */
		186FC90D26B4D090008A9474 = {
			isa = PBXGroup;
			children = (
				186FC91826B4D090008A9474 /* MVC1 */,
				186FC91726B4D090008A9474 /* Products */,
			);
			sourceTree = "<group>";
		};
		186FC91726B4D090008A9474 /* Products */ = {
			isa = PBXGroup;
			children = (
				186FC91626B4D090008A9474 /* MVC1.app */,
			);
			name = Products;
			sourceTree = "<group>";
		};
		186FC91826B4D090008A9474 /* MVC1 */ = {
			isa = PBXGroup;
			children = (
				186FC93226B4D497008A9474 /* Model */,
				186FC93126B4D474008A9474 /* ViewController */,
				186FC91926B4D090008A9474 /* AppDelegate.swift */,
				186FC91B26B4D090008A9474 /* SceneDelegate.swift */,
				186FC92226B4D092008A9474 /* Assets.xcassets */,
				186FC92426B4D092008A9474 /* LaunchScreen.storyboard */,
				186FC92726B4D092008A9474 /* Info.plist */,
			);
			path = MVC1;
			sourceTree = "<group>";
		};
		186FC93126B4D474008A9474 /* ViewController */ = {
			isa = PBXGroup;
			children = (
				186FC91F26B4D090008A9474 /* Main.storyboard */,
				186FC91D26B4D090008A9474 /* ViewController.swift */,
			);
			path = ViewController;
			sourceTree = "<group>";
		};
		186FC93226B4D497008A9474 /* Model */ = {
			isa = PBXGroup;
			children = (
				186FC92F26B4D113008A9474 /* Calculator.swift */,
			);
			path = Model;
			sourceTree = "<group>";
		};
/* End PBXGroup section */

/* Begin PBXNativeTarget section */
		186FC91526B4D090008A9474 /* MVC1 */ = {
			isa = PBXNativeTarget;
			buildConfigurationList = 186FC92A26B4D092008A9474 /* Build configuration list for PBXNativeTarget "MVC1" */;
			buildPhases = (
				186FC91226B4D090008A9474 /* Sources */,
				186FC91326B4D090008A9474 /* Frameworks */,
				186FC91426B4D090008A9474 /* Resources */,
			);
			buildRules = (
			);
			dependencies = (
			);
			name = MVC1;
			productName = MVC1;
			productReference = 186FC91626B4D090008A9474 /* MVC1.app */;
			productType = "com.apple.product-type.application";
		};
/* End PBXNativeTarget section */

/* Begin PBXProject section */
		186FC90E26B4D090008A9474 /* Project object */ = {
			isa = PBXProject;
			attributes = {
				LastSwiftUpdateCheck = 1250;
				LastUpgradeCheck = 1250;
				TargetAttributes = {
					186FC91526B4D090008A9474 = {
						CreatedOnToolsVersion = 12.5.1;
					};
				};
			};
			buildConfigurationList = 186FC91126B4D090008A9474 /* Build configuration list for PBXProject "MVC1" */;
			compatibilityVersion = "Xcode 9.3";
			developmentRegion = en;
			hasScannedForEncodings = 0;
			knownRegions = (
				en,
				Base,
			);
			mainGroup = 186FC90D26B4D090008A9474;
			productRefGroup = 186FC91726B4D090008A9474 /* Products */;
			projectDirPath = "";
			projectRoot = "";
			targets = (
				186FC91526B4D090008A9474 /* MVC1 */,
			);
		};
/* End PBXProject section */

/* Begin PBXResourcesBuildPhase section */
		186FC91426B4D090008A9474 /* Resources */ = {
			isa = PBXResourcesBuildPhase;
			buildActionMask = 2147483647;
			files = (
				186FC92626B4D092008A9474 /* LaunchScreen.storyboard in Resources */,
				186FC92326B4D092008A9474 /* Assets.xcassets in Resources */,
				186FC92126B4D090008A9474 /* Main.storyboard in Resources */,
			);
			runOnlyForDeploymentPostprocessing = 0;
		};
/* End PBXResourcesBuildPhase section */

/* Begin PBXSourcesBuildPhase section */
		186FC91226B4D090008A9474 /* Sources */ = {
			isa = PBXSourcesBuildPhase;
			buildActionMask = 2147483647;
			files = (
				186FC91E26B4D090008A9474 /* ViewController.swift in Sources */,
				186FC93026B4D113008A9474 /* Calculator.swift in Sources */,
				186FC91A26B4D090008A9474 /* AppDelegate.swift in Sources */,
				186FC91C26B4D090008A9474 /* SceneDelegate.swift in Sources */,
			);
			runOnlyForDeploymentPostprocessing = 0;
		};
/* End PBXSourcesBuildPhase section */

/* Begin PBXVariantGroup section */
		186FC91F26B4D090008A9474 /* Main.storyboard */ = {
			isa = PBXVariantGroup;
			children = (
				186FC92026B4D090008A9474 /* Base */,
			);
			name = Main.storyboard;
			sourceTree = "<group>";
		};
		186FC92426B4D092008A9474 /* LaunchScreen.storyboard */ = {
			isa = PBXVariantGroup;
			children = (
				186FC92526B4D092008A9474 /* Base */,
			);
			name = LaunchScreen.storyboard;
			sourceTree = "<group>";
		};
/* End PBXVariantGroup section */

/* Begin XCBuildConfiguration section */
		186FC92826B4D092008A9474 /* Debug */ = {
			isa = XCBuildConfiguration;
			buildSettings = {
				ALWAYS_SEARCH_USER_PATHS = NO;
				CLANG_ANALYZER_NONNULL = YES;
				CLANG_ANALYZER_NUMBER_OBJECT_CONVERSION = YES_AGGRESSIVE;
				CLANG_CXX_LANGUAGE_STANDARD = "gnu++14";
				CLANG_CXX_LIBRARY = "libc++";
				CLANG_ENABLE_MODULES = YES;
				CLANG_ENABLE_OBJC_ARC = YES;
				CLANG_ENABLE_OBJC_WEAK = YES;
				CLANG_WARN_BLOCK_CAPTURE_AUTORELEASING = YES;
				CLANG_WARN_BOOL_CONVERSION = YES;
				CLANG_WARN_COMMA = YES;
				CLANG_WARN_CONSTANT_CONVERSION = YES;
				CLANG_WARN_DEPRECATED_OBJC_IMPLEMENTATIONS = YES;
				CLANG_WARN_DIRECT_OBJC_ISA_USAGE = YES_ERROR;
				CLANG_WARN_DOCUMENTATION_COMMENTS = YES;
				CLANG_WARN_EMPTY_BODY = YES;
				CLANG_WARN_ENUM_CONVERSION = YES;
				CLANG_WARN_INFINITE_RECURSION = YES;
				CLANG_WARN_INT_CONVERSION = YES;
				CLANG_WARN_NON_LITERAL_NULL_CONVERSION = YES;
				CLANG_WARN_OBJC_IMPLICIT_RETAIN_SELF = YES;
				CLANG_WARN_OBJC_LITERAL_CONVERSION = YES;
				CLANG_WARN_OBJC_ROOT_CLASS = YES_ERROR;
				CLANG_WARN_QUOTED_INCLUDE_IN_FRAMEWORK_HEADER = YES;
				CLANG_WARN_RANGE_LOOP_ANALYSIS = YES;
				CLANG_WARN_STRICT_PROTOTYPES = YES;
				CLANG_WARN_SUSPICIOUS_MOVE = YES;
				CLANG_WARN_UNGUARDED_AVAILABILITY = YES_AGGRESSIVE;
				CLANG_WARN_UNREACHABLE_CODE = YES;
				CLANG_WARN__DUPLICATE_METHOD_MATCH = YES;
				COPY_PHASE_STRIP = NO;
				DEBUG_INFORMATION_FORMAT = dwarf;
				ENABLE_STRICT_OBJC_MSGSEND = YES;
				ENABLE_TESTABILITY = YES;
				GCC_C_LANGUAGE_STANDARD = gnu11;
				GCC_DYNAMIC_NO_PIC = NO;
				GCC_NO_COMMON_BLOCKS = YES;
				GCC_OPTIMIZATION_LEVEL = 0;
				GCC_PREPROCESSOR_DEFINITIONS = (
					"DEBUG=1",
					"$(inherited)",
				);
				GCC_WARN_64_TO_32_BIT_CONVERSION = YES;
				GCC_WARN_ABOUT_RETURN_TYPE = YES_ERROR;
				GCC_WARN_UNDECLARED_SELECTOR = YES;
				GCC_WARN_UNINITIALIZED_AUTOS = YES_AGGRESSIVE;
				GCC_WARN_UNUSED_FUNCTION = YES;
				GCC_WARN_UNUSED_VARIABLE = YES;
				IPHONEOS_DEPLOYMENT_TARGET = 14.5;
				MTL_ENABLE_DEBUG_INFO = INCLUDE_SOURCE;
				MTL_FAST_MATH = YES;
				ONLY_ACTIVE_ARCH = YES;
				SDKROOT = iphoneos;
				SWIFT_ACTIVE_COMPILATION_CONDITIONS = DEBUG;
				SWIFT_OPTIMIZATION_LEVEL = "-Onone";
			};
			name = Debug;
		};
		186FC92926B4D092008A9474 /* Release */ = {
			isa = XCBuildConfiguration;
			buildSettings = {
				ALWAYS_SEARCH_USER_PATHS = NO;
				CLANG_ANALYZER_NONNULL = YES;
				CLANG_ANALYZER_NUMBER_OBJECT_CONVERSION = YES_AGGRESSIVE;
				CLANG_CXX_LANGUAGE_STANDARD = "gnu++14";
				CLANG_CXX_LIBRARY = "libc++";
				CLANG_ENABLE_MODULES = YES;
				CLANG_ENABLE_OBJC_ARC = YES;
				CLANG_ENABLE_OBJC_WEAK = YES;
				CLANG_WARN_BLOCK_CAPTURE_AUTORELEASING = YES;
				CLANG_WARN_BOOL_CONVERSION = YES;
				CLANG_WARN_COMMA = YES;
				CLANG_WARN_CONSTANT_CONVERSION = YES;
				CLANG_WARN_DEPRECATED_OBJC_IMPLEMENTATIONS = YES;
				CLANG_WARN_DIRECT_OBJC_ISA_USAGE = YES_ERROR;
				CLANG_WARN_DOCUMENTATION_COMMENTS = YES;
				CLANG_WARN_EMPTY_BODY = YES;
				CLANG_WARN_ENUM_CONVERSION = YES;
				CLANG_WARN_INFINITE_RECURSION = YES;
				CLANG_WARN_INT_CONVERSION = YES;
				CLANG_WARN_NON_LITERAL_NULL_CONVERSION = YES;
				CLANG_WARN_OBJC_IMPLICIT_RETAIN_SELF = YES;
				CLANG_WARN_OBJC_LITERAL_CONVERSION = YES;
				CLANG_WARN_OBJC_ROOT_CLASS = YES_ERROR;
				CLANG_WARN_QUOTED_INCLUDE_IN_FRAMEWORK_HEADER = YES;
				CLANG_WARN_RANGE_LOOP_ANALYSIS = YES;
				CLANG_WARN_STRICT_PROTOTYPES = YES;
				CLANG_WARN_SUSPICIOUS_MOVE = YES;
				CLANG_WARN_UNGUARDED_AVAILABILITY = YES_AGGRESSIVE;
				CLANG_WARN_UNREACHABLE_CODE = YES;
				CLANG_WARN__DUPLICATE_METHOD_MATCH = YES;
				COPY_PHASE_STRIP = NO;
				DEBUG_INFORMATION_FORMAT = "dwarf-with-dsym";
				ENABLE_NS_ASSERTIONS = NO;
				ENABLE_STRICT_OBJC_MSGSEND = YES;
				GCC_C_LANGUAGE_STANDARD = gnu11;
				GCC_NO_COMMON_BLOCKS = YES;
				GCC_WARN_64_TO_32_BIT_CONVERSION = YES;
				GCC_WARN_ABOUT_RETURN_TYPE = YES_ERROR;
				GCC_WARN_UNDECLARED_SELECTOR = YES;
				GCC_WARN_UNINITIALIZED_AUTOS = YES_AGGRESSIVE;
				GCC_WARN_UNUSED_FUNCTION = YES;
				GCC_WARN_UNUSED_VARIABLE = YES;
				IPHONEOS_DEPLOYMENT_TARGET = 14.5;
				MTL_ENABLE_DEBUG_INFO = NO;
				MTL_FAST_MATH = YES;
				SDKROOT = iphoneos;
				SWIFT_COMPILATION_MODE = wholemodule;
				SWIFT_OPTIMIZATION_LEVEL = "-O";
				VALIDATE_PRODUCT = YES;
			};
			name = Release;
		};
		186FC92B26B4D092008A9474 /* Debug */ = {
			isa = XCBuildConfiguration;
			buildSettings = {
				ASSETCATALOG_COMPILER_APPICON_NAME = AppIcon;
				ASSETCATALOG_COMPILER_GLOBAL_ACCENT_COLOR_NAME = AccentColor;
				CODE_SIGN_STYLE = Automatic;
				DEVELOPMENT_TEAM = F23V9ZG65X;
				INFOPLIST_FILE = MVC1/Info.plist;
				LD_RUNPATH_SEARCH_PATHS = (
					"$(inherited)",
					"@executable_path/Frameworks",
				);
				PRODUCT_BUNDLE_IDENTIFIER = abao769.MVC1;
				PRODUCT_NAME = "$(TARGET_NAME)";
				SWIFT_VERSION = 5.0;
				TARGETED_DEVICE_FAMILY = "1,2";
			};
			name = Debug;
		};
		186FC92C26B4D092008A9474 /* Release */ = {
			isa = XCBuildConfiguration;
			buildSettings = {
				ASSETCATALOG_COMPILER_APPICON_NAME = AppIcon;
				ASSETCATALOG_COMPILER_GLOBAL_ACCENT_COLOR_NAME = AccentColor;
				CODE_SIGN_STYLE = Automatic;
				DEVELOPMENT_TEAM = F23V9ZG65X;
				INFOPLIST_FILE = MVC1/Info.plist;
				LD_RUNPATH_SEARCH_PATHS = (
					"$(inherited)",
					"@executable_path/Frameworks",
				);
				PRODUCT_BUNDLE_IDENTIFIER = abao769.MVC1;
				PRODUCT_NAME = "$(TARGET_NAME)";
				SWIFT_VERSION = 5.0;
				TARGETED_DEVICE_FAMILY = "1,2";
			};
			name = Release;
		};
/* End XCBuildConfiguration section */

/* Begin XCConfigurationList section */
		186FC91126B4D090008A9474 /* Build configuration list for PBXProject "MVC1" */ = {
			isa = XCConfigurationList;
			buildConfigurations = (
				186FC92826B4D092008A9474 /* Debug */,
				186FC92926B4D092008A9474 /* Release */,
			);
			defaultConfigurationIsVisible = 0;
			defaultConfigurationName = Release;
		};
		186FC92A26B4D092008A9474 /* Build configuration list for PBXNativeTarget "MVC1" */ = {
			isa = XCConfigurationList;
			buildConfigurations = (
				186FC92B26B4D092008A9474 /* Debug */,
				186FC92C26B4D092008A9474 /* Release */,
			);
			defaultConfigurationIsVisible = 0;
			defaultConfigurationName = Release;
		};
/* End XCConfigurationList section */
	};
	rootObject = 186FC90E26B4D090008A9474 /* Project object */;
}
